
Microsoft Visual Studio Solution File, Format Version 12.00
# Visual Studio 2013
VisualStudioVersion = 12.0.21005.1
MinimumVisualStudioVersion = 10.0.40219.1
Project("{FAE04EC0-301F-11D3-BF4B-00C04F79EFBC}") = "CIFDataService", "CIFDataService\CIFDataService.csproj", "{F3C189B6-163B-4B7C-8DC4-08414452FC01}"
EndProject
Project("{FAE04EC0-301F-11D3-BF4B-00C04F79EFBC}") = "CIFDataMaintenance", "CIFDataMaintenance\CIFDataMaintenance.csproj", "{CC567E73-5674-442F-820D-5A84E1A4A963}"
EndProject
Global
	GlobalSection(SolutionConfigurationPlatforms) = preSolution
		Debug|Any CPU = Debug|Any CPU
		Release|Any CPU = Release|Any CPU
	EndGlobalSection
	GlobalSection(ProjectConfigurationPlatforms) = postSolution
		{F3C189B6-163B-4B7C-8DC4-08414452FC01}.Debug|Any CPU.ActiveCfg = Debug|Any CPU
		{F3C189B6-163B-4B7C-8DC4-08414452FC01}.Debug|Any CPU.Build.0 = Debug|Any CPU
		{F3C189B6-163B-4B7C-8DC4-08414452FC01}.Release|Any CPU.ActiveCfg = Release|Any CPU
		{F3C189B6-163B-4B7C-8DC4-08414452FC01}.Release|Any CPU.Build.0 = Release|Any CPU
		{CC567E73-5674-442F-820D-5A84E1A4A963}.Debug|Any CPU.ActiveCfg = Debug|Any CPU
		{CC567E73-5674-442F-820D-5A84E1A4A963}.Debug|Any CPU.Build.0 = Debug|Any CPU
		{CC567E73-5674-442F-820D-5A84E1A4A963}.Release|Any CPU.ActiveCfg = Release|Any CPU
		{CC567E73-5674-442F-820D-5A84E1A4A963}.Release|Any CPU.Build.0 = Release|Any CPU
	EndGlobalSection
	GlobalSection(SolutionProperties) = preSolution
		HideSolutionNode = FALSE
	EndGlobalSection
EndGlobal
